<?xml version="1.0" encoding="utf-8"?>
<Project ToolsVersion="4.0" xmlns="http://schemas.microsoft.com/developer/msbuild/2003">
  <ItemGroup>
    <CudaCompile Include="mandelbrot.h">
      <Filter>Header Files</Filter>
    </CudaCompile>
    <CudaCompile Include="mandelbrot.cu">
      <Filter>Source Files</Filter>
    </CudaCompile>
    <CudaCompile Include="mandelbrotDevice.cu">
      <Filter>Source Files</Filter>
    </CudaCompile>
  </ItemGroup>
  <ItemGroup>
    <ClInclude Include="mandelbrotDevice.h">
      <Filter>Header Files</Filter>
    </ClInclude>
    <ClInclude Include="myComplex.h">
      <Filter>Header Files</Filter>
    </ClInclude>
    <ClInclude Include="utils.h">
      <Filter>Header Files</Filter>
    </ClInclude>
  </ItemGroup>
  <ItemGroup>
    <Filter Include="Header Files">
      <UniqueIdentifier>{9f1be740-bc52-401d-a347-a680d161125d}</UniqueIdentifier>
    </Filter>
    <Filter Include="Source Files">
      <UniqueIdentifier>{79a17f89-4393-433d-81db-5127095efd6b}</UniqueIdentifier>
    </Filter>
  </ItemGroup>
  <ItemGroup>
    <ClCompile Include="main.cpp">
      <Filter>Source Files</Filter>
    </ClCompile>
  </ItemGroup>
</Project>