
Microsoft Visual Studio Solution File, Format Version 12.00
# Visual Studio Version 16
VisualStudioVersion = 16.0.30503.244
MinimumVisualStudioVersion = 10.0.40219.1
Project("{8BC9CEB8-8B4A-11D0-8D11-00A0C91BC942}") = "MandelbrotCuda", "MandelbrotCuda\MandelbrotCuda.vcxproj", "{96CD4300-C8CB-4A24-81AD-C814FD9D2222}"
EndProject
Project("{8BC9CEB8-8B4A-11D0-8D11-00A0C91BC942}") = "MandelbrotGpu", "MandelbrotGpu\MandelbrotGpu.vcxproj", "{D7C9EB2B-C8B9-4D31-981C-D42A03B51275}"
	ProjectSection(ProjectDependencies) = postProject
		{96CD4300-C8CB-4A24-81AD-C814FD9D2222} = {96CD4300-C8CB-4A24-81AD-C814FD9D2222}
	EndProjectSection
EndProject
Project("{8BC9CEB8-8B4A-11D0-8D11-00A0C91BC942}") = "MandelbrotShared", "MandelbrotShared\MandelbrotShared.vcxproj", "{47E6887A-C56C-499B-8F8E-853D518EE676}"
EndProject
Global
	GlobalSection(SolutionConfigurationPlatforms) = preSolution
		Debug|x64 = Debug|x64
		Release|x64 = Release|x64
	EndGlobalSection
	GlobalSection(ProjectConfigurationPlatforms) = postSolution
		{96CD4300-C8CB-4A24-81AD-C814FD9D2222}.Debug|x64.ActiveCfg = Debug|x64
		{96CD4300-C8CB-4A24-81AD-C814FD9D2222}.Debug|x64.Build.0 = Debug|x64
		{96CD4300-C8CB-4A24-81AD-C814FD9D2222}.Release|x64.ActiveCfg = Release|x64
		{96CD4300-C8CB-4A24-81AD-C814FD9D2222}.Release|x64.Build.0 = Release|x64
		{D7C9EB2B-C8B9-4D31-981C-D42A03B51275}.Debug|x64.ActiveCfg = Debug|x64
		{D7C9EB2B-C8B9-4D31-981C-D42A03B51275}.Debug|x64.Build.0 = Debug|x64
		{D7C9EB2B-C8B9-4D31-981C-D42A03B51275}.Release|x64.ActiveCfg = Release|x64
		{D7C9EB2B-C8B9-4D31-981C-D42A03B51275}.Release|x64.Build.0 = Release|x64
		{47E6887A-C56C-499B-8F8E-853D518EE676}.Debug|x64.ActiveCfg = Debug|x64
		{47E6887A-C56C-499B-8F8E-853D518EE676}.Debug|x64.Build.0 = Debug|x64
		{47E6887A-C56C-499B-8F8E-853D518EE676}.Release|x64.ActiveCfg = Release|x64
		{47E6887A-C56C-499B-8F8E-853D518EE676}.Release|x64.Build.0 = Release|x64
	EndGlobalSection
	GlobalSection(SolutionProperties) = preSolution
		HideSolutionNode = FALSE
	EndGlobalSection
	GlobalSection(ExtensibilityGlobals) = postSolution
		SolutionGuid = {78F73B54-A50A-4AF7-854E-8211028EF311}
	EndGlobalSection
EndGlobal
